
Microsoft Visual Studio Solution File, Format Version 12.00
# Visual Studio 15
VisualStudioVersion = 15.0.36617.4
MinimumVisualStudioVersion = 10.0.40219.1
Project("{FAE04EC0-301F-11D3-BF4B-00C04F79EFBC}") = "Flappy Bird", "Flappy Bird\Flappy Bird.csproj", "{F1EE7C43-3E0A-487F-8106-768967C66E97}"
EndProject
Global
	GlobalSection(SolutionConfigurationPlatforms) = preSolution
		Debug|Any CPU = Debug|Any CPU
		Release|Any CPU = Release|Any CPU
	EndGlobalSection
	GlobalSection(ProjectConfigurationPlatforms) = postSolution
		{F1EE7C43-3E0A-487F-8106-768967C66E97}.Debug|Any CPU.ActiveCfg = Debug|Any CPU
		{F1EE7C43-3E0A-487F-8106-768967C66E97}.Debug|Any CPU.Build.0 = Debug|Any CPU
		{F1EE7C43-3E0A-487F-8106-768967C66E97}.Release|Any CPU.ActiveCfg = Release|Any CPU
		{F1EE7C43-3E0A-487F-8106-768967C66E97}.Release|Any CPU.Build.0 = Release|Any CPU
	EndGlobalSection
	GlobalSection(SolutionProperties) = preSolution
		HideSolutionNode = FALSE
	EndGlobalSection
	GlobalSection(ExtensibilityGlobals) = postSolution
		SolutionGuid = {8DF598E5-FA0D-4530-8E44-1E82624C1EE8}
	EndGlobalSection
EndGlobal
